// !$*UTF8*$!
{
	archiveVersion = 1;
	classes = {
	};
	objectVersion = 52;
	objects = {

/* Begin PBXBuildFile section */
		151AE1E52498412C00858B6F /* ActivityIndicator.swift in Sources */ = {isa = PBXBuildFile; fileRef = 151AE1E42498412C00858B6F /* ActivityIndicator.swift */; };
		156EA4F8249576F600562F93 /* AppDelegate.swift in Sources */ = {isa = PBXBuildFile; fileRef = 156EA4F7249576F600562F93 /* AppDelegate.swift */; };
		156EA4FA249576F600562F93 /* ContentView.swift in Sources */ = {isa = PBXBuildFile; fileRef = 156EA4F9249576F600562F93 /* ContentView.swift */; };
		156EA4FC249576F700562F93 /* Assets.xcassets in Resources */ = {isa = PBXBuildFile; fileRef = 156EA4FB249576F700562F93 /* Assets.xcassets */; };
		156EA4FF249576F700562F93 /* Preview Assets.xcassets in Resources */ = {isa = PBXBuildFile; fileRef = 156EA4FE249576F700562F93 /* Preview Assets.xcassets */; };
		156EA502249576F700562F93 /* Main.storyboard in Resources */ = {isa = PBXBuildFile; fileRef = 156EA500249576F700562F93 /* Main.storyboard */; };
		156EA50B2495774D00562F93 /* MainVM.swift in Sources */ = {isa = PBXBuildFile; fileRef = 156EA50A2495774D00562F93 /* MainVM.swift */; };
		156EA50E249577A600562F93 /* SwiftSoup in Frameworks */ = {isa = PBXBuildFile; productRef = 156EA50D249577A600562F93 /* SwiftSoup */; };
		15F54E0F2498B1A800C8A491 /* XMLCoder in Frameworks */ = {isa = PBXBuildFile; productRef = 15F54E0E2498B1A800C8A491 /* XMLCoder */; };
/* End PBXBuildFile section */

/* Begin PBXFileReference section */
		151AE1E42498412C00858B6F /* ActivityIndicator.swift */ = {isa = PBXFileReference; lastKnownFileType = sourcecode.swift; path = ActivityIndicator.swift; sourceTree = "<group>"; };
		156EA4F4249576F600562F93 /* Ghid Ciordation.app */ = {isa = PBXFileReference; explicitFileType = wrapper.application; includeInIndex = 0; path = "Ghid Ciordation.app"; sourceTree = BUILT_PRODUCTS_DIR; };
		156EA4F7249576F600562F93 /* AppDelegate.swift */ = {isa = PBXFileReference; lastKnownFileType = sourcecode.swift; path = AppDelegate.swift; sourceTree = "<group>"; };
		156EA4F9249576F600562F93 /* ContentView.swift */ = {isa = PBXFileReference; lastKnownFileType = sourcecode.swift; path = ContentView.swift; sourceTree = "<group>"; };
		156EA4FB249576F700562F93 /* Assets.xcassets */ = {isa = PBXFileReference; lastKnownFileType = folder.assetcatalog; path = Assets.xcassets; sourceTree = "<group>"; };
		156EA4FE249576F700562F93 /* Preview Assets.xcassets */ = {isa = PBXFileReference; lastKnownFileType = folder.assetcatalog; path = "Preview Assets.xcassets"; sourceTree = "<group>"; };
		156EA501249576F700562F93 /* Base */ = {isa = PBXFileReference; lastKnownFileType = file.storyboard; name = Base; path = Base.lproj/Main.storyboard; sourceTree = "<group>"; };
		156EA503249576F700562F93 /* Info.plist */ = {isa = PBXFileReference; lastKnownFileType = text.plist.xml; path = Info.plist; sourceTree = "<group>"; };
		156EA504249576F700562F93 /* Ghid_Ciordation.entitlements */ = {isa = PBXFileReference; lastKnownFileType = text.plist.entitlements; path = Ghid_Ciordation.entitlements; sourceTree = "<group>"; };
		156EA50A2495774D00562F93 /* MainVM.swift */ = {isa = PBXFileReference; lastKnownFileType = sourcecode.swift; path = MainVM.swift; sourceTree = "<group>"; };
/* End PBXFileReference section */

/* Begin PBXFrameworksBuildPhase section */
		156EA4F1249576F600562F93 /* Frameworks */ = {
			isa = PBXFrameworksBuildPhase;
			buildActionMask = 2147483647;
			files = (
				15F54E0F2498B1A800C8A491 /* XMLCoder in Frameworks */,
				156EA50E249577A600562F93 /* SwiftSoup in Frameworks */,
			);
			runOnlyForDeploymentPostprocessing = 0;
		};
/* End PBXFrameworksBuildPhase section */

/* Begin PBXGroup section */
		156EA4EB249576F600562F93 = {
			isa = PBXGroup;
			children = (
				156EA4F6249576F600562F93 /* Ghid Ciordation */,
				156EA4F5249576F600562F93 /* Products */,
			);
			sourceTree = "<group>";
		};
		156EA4F5249576F600562F93 /* Products */ = {
			isa = PBXGroup;
			children = (
				156EA4F4249576F600562F93 /* Ghid Ciordation.app */,
			);
			name = Products;
			sourceTree = "<group>";
		};
		156EA4F6249576F600562F93 /* Ghid Ciordation */ = {
			isa = PBXGroup;
			children = (
				156EA4F7249576F600562F93 /* AppDelegate.swift */,
				156EA4F9249576F600562F93 /* ContentView.swift */,
				156EA50A2495774D00562F93 /* MainVM.swift */,
				156EA4FB249576F700562F93 /* Assets.xcassets */,
				156EA500249576F700562F93 /* Main.storyboard */,
				156EA503249576F700562F93 /* Info.plist */,
				156EA504249576F700562F93 /* Ghid_Ciordation.entitlements */,
				156EA4FD249576F700562F93 /* Preview Content */,
				151AE1E42498412C00858B6F /* ActivityIndicator.swift */,
			);
			path = "Ghid Ciordation";
			sourceTree = "<group>";
		};
		156EA4FD249576F700562F93 /* Preview Content */ = {
			isa = PBXGroup;
			children = (
				156EA4FE249576F700562F93 /* Preview Assets.xcassets */,
			);
			path = "Preview Content";
			sourceTree = "<group>";
		};
/* End PBXGroup section */

/* Begin PBXNativeTarget section */
		156EA4F3249576F600562F93 /* Ghid Ciordation */ = {
			isa = PBXNativeTarget;
			buildConfigurationList = 156EA507249576F700562F93 /* Build configuration list for PBXNativeTarget "Ghid Ciordation" */;
			buildPhases = (
				156EA4F0249576F600562F93 /* Sources */,
				156EA4F1249576F600562F93 /* Frameworks */,
				156EA4F2249576F600562F93 /* Resources */,
			);
			buildRules = (
			);
			dependencies = (
			);
			name = "Ghid Ciordation";
			packageProductDependencies = (
				156EA50D249577A600562F93 /* SwiftSoup */,
				15F54E0E2498B1A800C8A491 /* XMLCoder */,
			);
			productName = "Ghid Ciordation";
			productReference = 156EA4F4249576F600562F93 /* Ghid Ciordation.app */;
			productType = "com.apple.product-type.application";
		};
/* End PBXNativeTarget section */

/* Begin PBXProject section */
		156EA4EC249576F600562F93 /* Project object */ = {
			isa = PBXProject;
			attributes = {
				LastSwiftUpdateCheck = 1150;
				LastUpgradeCheck = 1220;
				ORGANIZATIONNAME = "Mugurel Moscaliuc";
				TargetAttributes = {
					156EA4F3249576F600562F93 = {
						CreatedOnToolsVersion = 11.5;
					};
				};
			};
			buildConfigurationList = 156EA4EF249576F600562F93 /* Build configuration list for PBXProject "Ghid Ciordation" */;
			compatibilityVersion = "Xcode 9.3";
			developmentRegion = en;
			hasScannedForEncodings = 0;
			knownRegions = (
				en,
				Base,
			);
			mainGroup = 156EA4EB249576F600562F93;
			packageReferences = (
				156EA50C249577A600562F93 /* XCRemoteSwiftPackageReference "SwiftSoup" */,
				15F54E0D2498B1A800C8A491 /* XCRemoteSwiftPackageReference "XMLCoder" */,
			);
			productRefGroup = 156EA4F5249576F600562F93 /* Products */;
			projectDirPath = "";
			projectRoot = "";
			targets = (
				156EA4F3249576F600562F93 /* Ghid Ciordation */,
			);
		};
/* End PBXProject section */

/* Begin PBXResourcesBuildPhase section */
		156EA4F2249576F600562F93 /* Resources */ = {
			isa = PBXResourcesBuildPhase;
			buildActionMask = 2147483647;
			files = (
				156EA502249576F700562F93 /* Main.storyboard in Resources */,
				156EA4FF249576F700562F93 /* Preview Assets.xcassets in Resources */,
				156EA4FC249576F700562F93 /* Assets.xcassets in Resources */,
			);
			runOnlyForDeploymentPostprocessing = 0;
		};
/* End PBXResourcesBuildPhase section */

/* Begin PBXSourcesBuildPhase section */
		156EA4F0249576F600562F93 /* Sources */ = {
			isa = PBXSourcesBuildPhase;
			buildActionMask = 2147483647;
			files = (
				151AE1E52498412C00858B6F /* ActivityIndicator.swift in Sources */,
				156EA4FA249576F600562F93 /* ContentView.swift in Sources */,
				156EA50B2495774D00562F93 /* MainVM.swift in Sources */,
				156EA4F8249576F600562F93 /* AppDelegate.swift in Sources */,
			);
			runOnlyForDeploymentPostprocessing = 0;
		};
/* End PBXSourcesBuildPhase section */

/* Begin PBXVariantGroup section */
		156EA500249576F700562F93 /* Main.storyboard */ = {
			isa = PBXVariantGroup;
			children = (
				156EA501249576F700562F93 /* Base */,
			);
			name = Main.storyboard;
			sourceTree = "<group>";
		};
/* End PBXVariantGroup section */

/* Begin XCBuildConfiguration section */
		156EA505249576F700562F93 /* Debug */ = {
			isa = XCBuildConfiguration;
			buildSettings = {
				ALWAYS_SEARCH_USER_PATHS = NO;
				CLANG_ANALYZER_NONNULL = YES;
				CLANG_ANALYZER_NUMBER_OBJECT_CONVERSION = YES_AGGRESSIVE;
				CLANG_CXX_LANGUAGE_STANDARD = "gnu++14";
				CLANG_CXX_LIBRARY = "libc++";
				CLANG_ENABLE_MODULES = YES;
				CLANG_ENABLE_OBJC_ARC = YES;
				CLANG_ENABLE_OBJC_WEAK = YES;
				CLANG_WARN_BLOCK_CAPTURE_AUTORELEASING = YES;
				CLANG_WARN_BOOL_CONVERSION = YES;
				CLANG_WARN_COMMA = YES;
				CLANG_WARN_CONSTANT_CONVERSION = YES;
				CLANG_WARN_DEPRECATED_OBJC_IMPLEMENTATIONS = YES;
				CLANG_WARN_DIRECT_OBJC_ISA_USAGE = YES_ERROR;
				CLANG_WARN_DOCUMENTATION_COMMENTS = YES;
				CLANG_WARN_EMPTY_BODY = YES;
				CLANG_WARN_ENUM_CONVERSION = YES;
				CLANG_WARN_INFINITE_RECURSION = YES;
				CLANG_WARN_INT_CONVERSION = YES;
				CLANG_WARN_NON_LITERAL_NULL_CONVERSION = YES;
				CLANG_WARN_OBJC_IMPLICIT_RETAIN_SELF = YES;
				CLANG_WARN_OBJC_LITERAL_CONVERSION = YES;
				CLANG_WARN_OBJC_ROOT_CLASS = YES_ERROR;
				CLANG_WARN_QUOTED_INCLUDE_IN_FRAMEWORK_HEADER = YES;
				CLANG_WARN_RANGE_LOOP_ANALYSIS = YES;
				CLANG_WARN_STRICT_PROTOTYPES = YES;
				CLANG_WARN_SUSPICIOUS_MOVE = YES;
				CLANG_WARN_UNGUARDED_AVAILABILITY = YES_AGGRESSIVE;
				CLANG_WARN_UNREACHABLE_CODE = YES;
				CLANG_WARN__DUPLICATE_METHOD_MATCH = YES;
				COPY_PHASE_STRIP = NO;
				DEBUG_INFORMATION_FORMAT = dwarf;
				ENABLE_STRICT_OBJC_MSGSEND = YES;
				ENABLE_TESTABILITY = YES;
				GCC_C_LANGUAGE_STANDARD = gnu11;
				GCC_DYNAMIC_NO_PIC = NO;
				GCC_NO_COMMON_BLOCKS = YES;
				GCC_OPTIMIZATION_LEVEL = 0;
				GCC_PREPROCESSOR_DEFINITIONS = (
					"DEBUG=1",
					"$(inherited)",
				);
				GCC_WARN_64_TO_32_BIT_CONVERSION = YES;
				GCC_WARN_ABOUT_RETURN_TYPE = YES_ERROR;
				GCC_WARN_UNDECLARED_SELECTOR = YES;
				GCC_WARN_UNINITIALIZED_AUTOS = YES_AGGRESSIVE;
				GCC_WARN_UNUSED_FUNCTION = YES;
				GCC_WARN_UNUSED_VARIABLE = YES;
				MACOSX_DEPLOYMENT_TARGET = 10.15;
				MTL_ENABLE_DEBUG_INFO = INCLUDE_SOURCE;
				MTL_FAST_MATH = YES;
				ONLY_ACTIVE_ARCH = YES;
				SDKROOT = macosx;
				SWIFT_ACTIVE_COMPILATION_CONDITIONS = DEBUG;
				SWIFT_OPTIMIZATION_LEVEL = "-Onone";
			};
			name = Debug;
		};
		156EA506249576F700562F93 /* Release */ = {
			isa = XCBuildConfiguration;
			buildSettings = {
				ALWAYS_SEARCH_USER_PATHS = NO;
				CLANG_ANALYZER_NONNULL = YES;
				CLANG_ANALYZER_NUMBER_OBJECT_CONVERSION = YES_AGGRESSIVE;
				CLANG_CXX_LANGUAGE_STANDARD = "gnu++14";
				CLANG_CXX_LIBRARY = "libc++";
				CLANG_ENABLE_MODULES = YES;
				CLANG_ENABLE_OBJC_ARC = YES;
				CLANG_ENABLE_OBJC_WEAK = YES;
				CLANG_WARN_BLOCK_CAPTURE_AUTORELEASING = YES;
				CLANG_WARN_BOOL_CONVERSION = YES;
				CLANG_WARN_COMMA = YES;
				CLANG_WARN_CONSTANT_CONVERSION = YES;
				CLANG_WARN_DEPRECATED_OBJC_IMPLEMENTATIONS = YES;
				CLANG_WARN_DIRECT_OBJC_ISA_USAGE = YES_ERROR;
				CLANG_WARN_DOCUMENTATION_COMMENTS = YES;
				CLANG_WARN_EMPTY_BODY = YES;
				CLANG_WARN_ENUM_CONVERSION = YES;
				CLANG_WARN_INFINITE_RECURSION = YES;
				CLANG_WARN_INT_CONVERSION = YES;
				CLANG_WARN_NON_LITERAL_NULL_CONVERSION = YES;
				CLANG_WARN_OBJC_IMPLICIT_RETAIN_SELF = YES;
				CLANG_WARN_OBJC_LITERAL_CONVERSION = YES;
				CLANG_WARN_OBJC_ROOT_CLASS = YES_ERROR;
				CLANG_WARN_QUOTED_INCLUDE_IN_FRAMEWORK_HEADER = YES;
				CLANG_WARN_RANGE_LOOP_ANALYSIS = YES;
				CLANG_WARN_STRICT_PROTOTYPES = YES;
				CLANG_WARN_SUSPICIOUS_MOVE = YES;
				CLANG_WARN_UNGUARDED_AVAILABILITY = YES_AGGRESSIVE;
				CLANG_WARN_UNREACHABLE_CODE = YES;
				CLANG_WARN__DUPLICATE_METHOD_MATCH = YES;
				COPY_PHASE_STRIP = NO;
				DEBUG_INFORMATION_FORMAT = "dwarf-with-dsym";
				ENABLE_NS_ASSERTIONS = NO;
				ENABLE_STRICT_OBJC_MSGSEND = YES;
				GCC_C_LANGUAGE_STANDARD = gnu11;
				GCC_NO_COMMON_BLOCKS = YES;
				GCC_WARN_64_TO_32_BIT_CONVERSION = YES;
				GCC_WARN_ABOUT_RETURN_TYPE = YES_ERROR;
				GCC_WARN_UNDECLARED_SELECTOR = YES;
				GCC_WARN_UNINITIALIZED_AUTOS = YES_AGGRESSIVE;
				GCC_WARN_UNUSED_FUNCTION = YES;
				GCC_WARN_UNUSED_VARIABLE = YES;
				MACOSX_DEPLOYMENT_TARGET = 10.15;
				MTL_ENABLE_DEBUG_INFO = NO;
				MTL_FAST_MATH = YES;
				SDKROOT = macosx;
				SWIFT_COMPILATION_MODE = wholemodule;
				SWIFT_OPTIMIZATION_LEVEL = "-O";
			};
			name = Release;
		};
		156EA508249576F700562F93 /* Debug */ = {
			isa = XCBuildConfiguration;
			buildSettings = {
				ASSETCATALOG_COMPILER_APPICON_NAME = AppIcon;
				CODE_SIGN_ENTITLEMENTS = "Ghid Ciordation/Ghid_Ciordation.entitlements";
				CODE_SIGN_IDENTITY = "-";
				CODE_SIGN_STYLE = Automatic;
				COMBINE_HIDPI_IMAGES = YES;
				DEVELOPMENT_ASSET_PATHS = "\"Ghid Ciordation/Preview Content\"";
				DEVELOPMENT_TEAM = 4WPNK427TB;
				ENABLE_HARDENED_RUNTIME = YES;
				ENABLE_PREVIEWS = YES;
				INFOPLIST_FILE = "Ghid Ciordation/Info.plist";
				LD_RUNPATH_SEARCH_PATHS = (
					"$(inherited)",
					"@executable_path/../Frameworks",
				);
				MACOSX_DEPLOYMENT_TARGET = 10.15;
				PRODUCT_BUNDLE_IDENTIFIER = "com.yakis.Ghid-Ciordation";
				PRODUCT_NAME = "$(TARGET_NAME)";
				SWIFT_VERSION = 5.0;
			};
			name = Debug;
		};
		156EA509249576F700562F93 /* Release */ = {
			isa = XCBuildConfiguration;
			buildSettings = {
				ASSETCATALOG_COMPILER_APPICON_NAME = AppIcon;
				CODE_SIGN_ENTITLEMENTS = "Ghid Ciordation/Ghid_Ciordation.entitlements";
				CODE_SIGN_IDENTITY = "-";
				CODE_SIGN_STYLE = Automatic;
				COMBINE_HIDPI_IMAGES = YES;
				DEVELOPMENT_ASSET_PATHS = "\"Ghid Ciordation/Preview Content\"";
				DEVELOPMENT_TEAM = 4WPNK427TB;
				ENABLE_HARDENED_RUNTIME = YES;
				ENABLE_PREVIEWS = YES;
				INFOPLIST_FILE = "Ghid Ciordation/Info.plist";
				LD_RUNPATH_SEARCH_PATHS = (
					"$(inherited)",
					"@executable_path/../Frameworks",
				);
				MACOSX_DEPLOYMENT_TARGET = 10.15;
				PRODUCT_BUNDLE_IDENTIFIER = "com.yakis.Ghid-Ciordation";
				PRODUCT_NAME = "$(TARGET_NAME)";
				SWIFT_VERSION = 5.0;
			};
			name = Release;
		};
/* End XCBuildConfiguration section */

/* Begin XCConfigurationList section */
		156EA4EF249576F600562F93 /* Build configuration list for PBXProject "Ghid Ciordation" */ = {
			isa = XCConfigurationList;
			buildConfigurations = (
				156EA505249576F700562F93 /* Debug */,
				156EA506249576F700562F93 /* Release */,
			);
			defaultConfigurationIsVisible = 0;
			defaultConfigurationName = Release;
		};
		156EA507249576F700562F93 /* Build configuration list for PBXNativeTarget "Ghid Ciordation" */ = {
			isa = XCConfigurationList;
			buildConfigurations = (
				156EA508249576F700562F93 /* Debug */,
				156EA509249576F700562F93 /* Release */,
			);
			defaultConfigurationIsVisible = 0;
			defaultConfigurationName = Release;
		};
/* End XCConfigurationList section */

/* Begin XCRemoteSwiftPackageReference section */
		156EA50C249577A600562F93 /* XCRemoteSwiftPackageReference "SwiftSoup" */ = {
			isa = XCRemoteSwiftPackageReference;
			repositoryURL = "https://github.com/scinfu/SwiftSoup.git";
			requirement = {
				kind = upToNextMajorVersion;
				minimumVersion = 2.3.2;
			};
		};
		15F54E0D2498B1A800C8A491 /* XCRemoteSwiftPackageReference "XMLCoder" */ = {
			isa = XCRemoteSwiftPackageReference;
			repositoryURL = "https://github.com/MaxDesiatov/XMLCoder.git";
			requirement = {
				kind = upToNextMajorVersion;
				minimumVersion = 0.11.1;
			};
		};
/* End XCRemoteSwiftPackageReference section */

/* Begin XCSwiftPackageProductDependency section */
		156EA50D249577A600562F93 /* SwiftSoup */ = {
			isa = XCSwiftPackageProductDependency;
			package = 156EA50C249577A600562F93 /* XCRemoteSwiftPackageReference "SwiftSoup" */;
			productName = SwiftSoup;
		};
		15F54E0E2498B1A800C8A491 /* XMLCoder */ = {
			isa = XCSwiftPackageProductDependency;
			package = 15F54E0D2498B1A800C8A491 /* XCRemoteSwiftPackageReference "XMLCoder" */;
			productName = XMLCoder;
		};
/* End XCSwiftPackageProductDependency section */
	};
	rootObject = 156EA4EC249576F600562F93 /* Project object */;
}
